{
  "originHash" : "2e6f1b0e9206478dbf0dd12a35f74562cb1e0efa60df66f116594f050d84c0dd",
  "pins" : [
    {
      "identity" : "llama.swift",
      "kind" : "remoteSourceControl",
      "location" : "https://github.com/mattt/llama.swift",
      "state" : {
        "revision" : "fffd26935676f94a3ad0dd5726a4189c843f7cfb",
        "version" : "2.8642.0"
      }
    }
  ],
  "version" : 3
}
