// !$*UTF8*$!
{
	archiveVersion = 1;
	classes = {
	};
	objectVersion = 77;
	objects = {

/* Begin PBXBuildFile section */
		6B68DC232F9C64E9006F700E /* Auth in Frameworks */ = {isa = PBXBuildFile; productRef = 6B68DC222F9C64E9006F700E /* Auth */; };
		6B68DC252F9C64E9006F700E /* Functions in Frameworks */ = {isa = PBXBuildFile; productRef = 6B68DC242F9C64E9006F700E /* Functions */; };
		6B68DC272F9C64E9006F700E /* PostgREST in Frameworks */ = {isa = PBXBuildFile; productRef = 6B68DC262F9C64E9006F700E /* PostgREST */; };
		6B68DC292F9C64E9006F700E /* Realtime in Frameworks */ = {isa = PBXBuildFile; productRef = 6B68DC282F9C64E9006F700E /* Realtime */; };
		6B68DC2B2F9C64E9006F700E /* Storage in Frameworks */ = {isa = PBXBuildFile; productRef = 6B68DC2A2F9C64E9006F700E /* Storage */; };
		6B68DC2D2F9C64E9006F700E /* Supabase in Frameworks */ = {isa = PBXBuildFile; productRef = 6B68DC2C2F9C64E9006F700E /* Supabase */; };
		A1B001C12F7F22DE00E3FC02 /* llama.xcframework in Frameworks */ = {isa = PBXBuildFile; fileRef = A1B001C12F7F22DE00E3FC01 /* llama.xcframework */; };
		A1B001C12F7F22DE00E3FC03 /* llama.xcframework in Embed Frameworks */ = {isa = PBXBuildFile; fileRef = A1B001C12F7F22DE00E3FC01 /* llama.xcframework */; settings = {ATTRIBUTES = (CodeSignOnCopy, RemoveHeadersOnCopy, ); }; };
/* End PBXBuildFile section */

/* Begin PBXContainerItemProxy section */
		C0D0AAAA2F80000100AAA001 /* PBXContainerItemProxy */ = {
			isa = PBXContainerItemProxy;
			containerPortal = 6B9E5B512F7F22DE00E3AEF6 /* Project object */;
			proxyType = 1;
			remoteGlobalIDString = 6B9E5B582F7F22DE00E3AEF6;
			remoteInfo = "Reply Recommendation Demo";
		};
/* End PBXContainerItemProxy section */

/* Begin PBXCopyFilesBuildPhase section */
		A1B001C12F7F22DE00E3FC04 /* Embed Frameworks */ = {
			isa = PBXCopyFilesBuildPhase;
			buildActionMask = 2147483647;
			dstPath = "";
			dstSubfolderSpec = 10;
			files = (
				A1B001C12F7F22DE00E3FC03 /* llama.xcframework in Embed Frameworks */,
			);
			name = "Embed Frameworks";
			runOnlyForDeploymentPostprocessing = 0;
		};
/* End PBXCopyFilesBuildPhase section */

/* Begin PBXFileReference section */
		6B9E5B592F7F22DE00E3AEF6 /* Reply Recommendation Demo.app */ = {isa = PBXFileReference; explicitFileType = wrapper.application; includeInIndex = 0; path = "Reply Recommendation Demo.app"; sourceTree = BUILT_PRODUCTS_DIR; };
		A1B001C12F7F22DE00E3FC01 /* llama.xcframework */ = {isa = PBXFileReference; lastKnownFileType = wrapper.xcframework; name = llama.xcframework; path = Vendor/QVAC/llama.xcframework; sourceTree = "<group>"; };
		C0D0AAA12F80000100AAA001 /* Reply Recommendation Demo Tests.xctest */ = {isa = PBXFileReference; explicitFileType = wrapper.cfbundle; includeInIndex = 0; path = "Reply Recommendation Demo Tests.xctest"; sourceTree = BUILT_PRODUCTS_DIR; };
/* End PBXFileReference section */

/* Begin PBXFileSystemSynchronizedRootGroup section */
		6B9E5B5B2F7F22DE00E3AEF6 /* Reply Recommendation Demo */ = {
			isa = PBXFileSystemSynchronizedRootGroup;
			path = "Reply Recommendation Demo";
			sourceTree = "<group>";
		};
		C0D0AAA22F80000100AAA001 /* Reply Recommendation Demo Tests */ = {
			isa = PBXFileSystemSynchronizedRootGroup;
			path = "Reply Recommendation Demo Tests";
			sourceTree = "<group>";
		};
/* End PBXFileSystemSynchronizedRootGroup section */

/* Begin PBXFrameworksBuildPhase section */
		6B9E5B562F7F22DE00E3AEF6 /* Frameworks */ = {
			isa = PBXFrameworksBuildPhase;
			buildActionMask = 2147483647;
			files = (
				6B68DC2D2F9C64E9006F700E /* Supabase in Frameworks */,
				6B68DC2B2F9C64E9006F700E /* Storage in Frameworks */,
				6B68DC272F9C64E9006F700E /* PostgREST in Frameworks */,
				6B68DC252F9C64E9006F700E /* Functions in Frameworks */,
				6B68DC232F9C64E9006F700E /* Auth in Frameworks */,
				6B68DC292F9C64E9006F700E /* Realtime in Frameworks */,
				A1B001C12F7F22DE00E3FC02 /* llama.xcframework in Frameworks */,
			);
			runOnlyForDeploymentPostprocessing = 0;
		};
		C0D0AAA42F80000100AAA001 /* Frameworks */ = {
			isa = PBXFrameworksBuildPhase;
			buildActionMask = 2147483647;
			files = (
			);
			runOnlyForDeploymentPostprocessing = 0;
		};
/* End PBXFrameworksBuildPhase section */

/* Begin PBXGroup section */
		6B9E5B502F7F22DE00E3AEF6 = {
			isa = PBXGroup;
			children = (
				A1B001C12F7F22DE00E3FC01 /* llama.xcframework */,
				6B9E5B5B2F7F22DE00E3AEF6 /* Reply Recommendation Demo */,
				C0D0AAA22F80000100AAA001 /* Reply Recommendation Demo Tests */,
				6B9E5B5A2F7F22DE00E3AEF6 /* Products */,
			);
			sourceTree = "<group>";
		};
		6B9E5B5A2F7F22DE00E3AEF6 /* Products */ = {
			isa = PBXGroup;
			children = (
				6B9E5B592F7F22DE00E3AEF6 /* Reply Recommendation Demo.app */,
				C0D0AAA12F80000100AAA001 /* Reply Recommendation Demo Tests.xctest */,
			);
			name = Products;
			sourceTree = "<group>";
		};
/* End PBXGroup section */

/* Begin PBXNativeTarget section */
		6B9E5B582F7F22DE00E3AEF6 /* Reply Recommendation Demo */ = {
			isa = PBXNativeTarget;
			buildConfigurationList = 6B9E5B662F7F22DF00E3AEF6 /* Build configuration list for PBXNativeTarget "Reply Recommendation Demo" */;
			buildPhases = (
				6B9E5B552F7F22DE00E3AEF6 /* Sources */,
				6B9E5B562F7F22DE00E3AEF6 /* Frameworks */,
				6B9E5B572F7F22DE00E3AEF6 /* Resources */,
				A1B001C12F7F22DE00E3FC04 /* Embed Frameworks */,
			);
			buildRules = (
			);
			dependencies = (
			);
			fileSystemSynchronizedGroups = (
				6B9E5B5B2F7F22DE00E3AEF6 /* Reply Recommendation Demo */,
			);
			name = "Reply Recommendation Demo";
			packageProductDependencies = (
				6B68DC222F9C64E9006F700E /* Auth */,
				6B68DC242F9C64E9006F700E /* Functions */,
				6B68DC262F9C64E9006F700E /* PostgREST */,
				6B68DC282F9C64E9006F700E /* Realtime */,
				6B68DC2A2F9C64E9006F700E /* Storage */,
				6B68DC2C2F9C64E9006F700E /* Supabase */,
			);
			productName = "Reply Recommendation Demo";
			productReference = 6B9E5B592F7F22DE00E3AEF6 /* Reply Recommendation Demo.app */;
			productType = "com.apple.product-type.application";
		};
		C0D0AAA62F80000100AAA001 /* Reply Recommendation Demo Tests */ = {
			isa = PBXNativeTarget;
			buildConfigurationList = C0D0AAA72F80000100AAA001 /* Build configuration list for PBXNativeTarget "Reply Recommendation Demo Tests" */;
			buildPhases = (
				C0D0AAA32F80000100AAA001 /* Sources */,
				C0D0AAA42F80000100AAA001 /* Frameworks */,
				C0D0AAA52F80000100AAA001 /* Resources */,
			);
			buildRules = (
			);
			dependencies = (
				C0D0AAAB2F80000100AAA001 /* PBXTargetDependency */,
			);
			fileSystemSynchronizedGroups = (
				C0D0AAA22F80000100AAA001 /* Reply Recommendation Demo Tests */,
			);
			name = "Reply Recommendation Demo Tests";
			packageProductDependencies = (
			);
			productName = "Reply Recommendation Demo Tests";
			productReference = C0D0AAA12F80000100AAA001 /* Reply Recommendation Demo Tests.xctest */;
			productType = "com.apple.product-type.bundle.unit-test";
		};
/* End PBXNativeTarget section */

/* Begin PBXProject section */
		6B9E5B512F7F22DE00E3AEF6 /* Project object */ = {
			isa = PBXProject;
			attributes = {
				BuildIndependentTargetsInParallel = 1;
				LastSwiftUpdateCheck = 2640;
				LastUpgradeCheck = 2640;
				TargetAttributes = {
					6B9E5B582F7F22DE00E3AEF6 = {
						CreatedOnToolsVersion = 26.4;
					};
					C0D0AAA62F80000100AAA001 = {
						CreatedOnToolsVersion = 26.4;
						TestTargetID = 6B9E5B582F7F22DE00E3AEF6;
					};
				};
			};
			buildConfigurationList = 6B9E5B542F7F22DE00E3AEF6 /* Build configuration list for PBXProject "Reply Recommendation Demo" */;
			developmentRegion = en;
			hasScannedForEncodings = 0;
			knownRegions = (
				en,
				Base,
			);
			mainGroup = 6B9E5B502F7F22DE00E3AEF6;
			minimizedProjectReferenceProxies = 1;
			packageReferences = (
				6B68DC212F9C64E9006F700E /* XCRemoteSwiftPackageReference "supabase-swift" */,
			);
			preferredProjectObjectVersion = 77;
			productRefGroup = 6B9E5B5A2F7F22DE00E3AEF6 /* Products */;
			projectDirPath = "";
			projectRoot = "";
			targets = (
				6B9E5B582F7F22DE00E3AEF6 /* Reply Recommendation Demo */,
				C0D0AAA62F80000100AAA001 /* Reply Recommendation Demo Tests */,
			);
		};
/* End PBXProject section */

/* Begin PBXResourcesBuildPhase section */
		6B9E5B572F7F22DE00E3AEF6 /* Resources */ = {
			isa = PBXResourcesBuildPhase;
			buildActionMask = 2147483647;
			files = (
			);
			runOnlyForDeploymentPostprocessing = 0;
		};
		C0D0AAA52F80000100AAA001 /* Resources */ = {
			isa = PBXResourcesBuildPhase;
			buildActionMask = 2147483647;
			files = (
			);
			runOnlyForDeploymentPostprocessing = 0;
		};
/* End PBXResourcesBuildPhase section */

/* Begin PBXSourcesBuildPhase section */
		6B9E5B552F7F22DE00E3AEF6 /* Sources */ = {
			isa = PBXSourcesBuildPhase;
			buildActionMask = 2147483647;
			files = (
			);
			runOnlyForDeploymentPostprocessing = 0;
		};
		C0D0AAA32F80000100AAA001 /* Sources */ = {
			isa = PBXSourcesBuildPhase;
			buildActionMask = 2147483647;
			files = (
			);
			runOnlyForDeploymentPostprocessing = 0;
		};
/* End PBXSourcesBuildPhase section */

/* Begin PBXTargetDependency section */
		C0D0AAAB2F80000100AAA001 /* PBXTargetDependency */ = {
			isa = PBXTargetDependency;
			target = 6B9E5B582F7F22DE00E3AEF6 /* Reply Recommendation Demo */;
			targetProxy = C0D0AAAA2F80000100AAA001 /* PBXContainerItemProxy */;
		};
/* End PBXTargetDependency section */

/* Begin XCBuildConfiguration section */
		6B9E5B642F7F22DF00E3AEF6 /* Debug */ = {
			isa = XCBuildConfiguration;
			buildSettings = {
				ALWAYS_SEARCH_USER_PATHS = NO;
				ASSETCATALOG_COMPILER_GENERATE_SWIFT_ASSET_SYMBOL_EXTENSIONS = YES;
				CLANG_ANALYZER_NONNULL = YES;
				CLANG_ANALYZER_NUMBER_OBJECT_CONVERSION = YES_AGGRESSIVE;
				CLANG_CXX_LANGUAGE_STANDARD = "gnu++20";
				CLANG_ENABLE_MODULES = YES;
				CLANG_ENABLE_OBJC_ARC = YES;
				CLANG_ENABLE_OBJC_WEAK = YES;
				CLANG_WARN_BLOCK_CAPTURE_AUTORELEASING = YES;
				CLANG_WARN_BOOL_CONVERSION = YES;
				CLANG_WARN_COMMA = YES;
				CLANG_WARN_CONSTANT_CONVERSION = YES;
				CLANG_WARN_DEPRECATED_OBJC_IMPLEMENTATIONS = YES;
				CLANG_WARN_DIRECT_OBJC_ISA_USAGE = YES_ERROR;
				CLANG_WARN_DOCUMENTATION_COMMENTS = YES;
				CLANG_WARN_EMPTY_BODY = YES;
				CLANG_WARN_ENUM_CONVERSION = YES;
				CLANG_WARN_INFINITE_RECURSION = YES;
				CLANG_WARN_INT_CONVERSION = YES;
				CLANG_WARN_NON_LITERAL_NULL_CONVERSION = YES;
				CLANG_WARN_OBJC_IMPLICIT_RETAIN_SELF = YES;
				CLANG_WARN_OBJC_LITERAL_CONVERSION = YES;
				CLANG_WARN_OBJC_ROOT_CLASS = YES_ERROR;
				CLANG_WARN_QUOTED_INCLUDE_IN_FRAMEWORK_HEADER = YES;
				CLANG_WARN_RANGE_LOOP_ANALYSIS = YES;
				CLANG_WARN_STRICT_PROTOTYPES = YES;
				CLANG_WARN_SUSPICIOUS_MOVE = YES;
				CLANG_WARN_UNGUARDED_AVAILABILITY = YES_AGGRESSIVE;
				CLANG_WARN_UNREACHABLE_CODE = YES;
				CLANG_WARN__DUPLICATE_METHOD_MATCH = YES;
				COPY_PHASE_STRIP = NO;
				DEBUG_INFORMATION_FORMAT = dwarf;
				DEVELOPMENT_TEAM = 586L2Q38YL;
				ENABLE_STRICT_OBJC_MSGSEND = YES;
				ENABLE_TESTABILITY = YES;
				ENABLE_USER_SCRIPT_SANDBOXING = YES;
				GCC_C_LANGUAGE_STANDARD = gnu17;
				GCC_DYNAMIC_NO_PIC = NO;
				GCC_NO_COMMON_BLOCKS = YES;
				GCC_OPTIMIZATION_LEVEL = 0;
				GCC_PREPROCESSOR_DEFINITIONS = (
					"DEBUG=1",
					"$(inherited)",
				);
				GCC_WARN_64_TO_32_BIT_CONVERSION = YES;
				GCC_WARN_ABOUT_RETURN_TYPE = YES_ERROR;
				GCC_WARN_UNDECLARED_SELECTOR = YES;
				GCC_WARN_UNINITIALIZED_AUTOS = YES_AGGRESSIVE;
				GCC_WARN_UNUSED_FUNCTION = YES;
				GCC_WARN_UNUSED_VARIABLE = YES;
				LOCALIZATION_PREFERS_STRING_CATALOGS = YES;
				MTL_ENABLE_DEBUG_INFO = INCLUDE_SOURCE;
				MTL_FAST_MATH = YES;
				ONLY_ACTIVE_ARCH = YES;
				SDKROOT = iphoneos;
				SWIFT_ACTIVE_COMPILATION_CONDITIONS = "DEBUG $(inherited)";
				SWIFT_OPTIMIZATION_LEVEL = "-Onone";
			};
			name = Debug;
		};
		6B9E5B652F7F22DF00E3AEF6 /* Release */ = {
			isa = XCBuildConfiguration;
			buildSettings = {
				ALWAYS_SEARCH_USER_PATHS = NO;
				ASSETCATALOG_COMPILER_GENERATE_SWIFT_ASSET_SYMBOL_EXTENSIONS = YES;
				CLANG_ANALYZER_NONNULL = YES;
				CLANG_ANALYZER_NUMBER_OBJECT_CONVERSION = YES_AGGRESSIVE;
				CLANG_CXX_LANGUAGE_STANDARD = "gnu++20";
				CLANG_ENABLE_MODULES = YES;
				CLANG_ENABLE_OBJC_ARC = YES;
				CLANG_ENABLE_OBJC_WEAK = YES;
				CLANG_WARN_BLOCK_CAPTURE_AUTORELEASING = YES;
				CLANG_WARN_BOOL_CONVERSION = YES;
				CLANG_WARN_COMMA = YES;
				CLANG_WARN_CONSTANT_CONVERSION = YES;
				CLANG_WARN_DEPRECATED_OBJC_IMPLEMENTATIONS = YES;
				CLANG_WARN_DIRECT_OBJC_ISA_USAGE = YES_ERROR;
				CLANG_WARN_DOCUMENTATION_COMMENTS = YES;
				CLANG_WARN_EMPTY_BODY = YES;
				CLANG_WARN_ENUM_CONVERSION = YES;
				CLANG_WARN_INFINITE_RECURSION = YES;
				CLANG_WARN_INT_CONVERSION = YES;
				CLANG_WARN_NON_LITERAL_NULL_CONVERSION = YES;
				CLANG_WARN_OBJC_IMPLICIT_RETAIN_SELF = YES;
				CLANG_WARN_OBJC_LITERAL_CONVERSION = YES;
				CLANG_WARN_OBJC_ROOT_CLASS = YES_ERROR;
				CLANG_WARN_QUOTED_INCLUDE_IN_FRAMEWORK_HEADER = YES;
				CLANG_WARN_RANGE_LOOP_ANALYSIS = YES;
				CLANG_WARN_STRICT_PROTOTYPES = YES;
				CLANG_WARN_SUSPICIOUS_MOVE = YES;
				CLANG_WARN_UNGUARDED_AVAILABILITY = YES_AGGRESSIVE;
				CLANG_WARN_UNREACHABLE_CODE = YES;
				CLANG_WARN__DUPLICATE_METHOD_MATCH = YES;
				COPY_PHASE_STRIP = NO;
				DEBUG_INFORMATION_FORMAT = "dwarf-with-dsym";
				DEVELOPMENT_TEAM = 586L2Q38YL;
				ENABLE_NS_ASSERTIONS = NO;
				ENABLE_STRICT_OBJC_MSGSEND = YES;
				ENABLE_USER_SCRIPT_SANDBOXING = YES;
				GCC_C_LANGUAGE_STANDARD = gnu17;
				GCC_NO_COMMON_BLOCKS = YES;
				GCC_WARN_64_TO_32_BIT_CONVERSION = YES;
				GCC_WARN_ABOUT_RETURN_TYPE = YES_ERROR;
				GCC_WARN_UNDECLARED_SELECTOR = YES;
				GCC_WARN_UNINITIALIZED_AUTOS = YES_AGGRESSIVE;
				GCC_WARN_UNUSED_FUNCTION = YES;
				GCC_WARN_UNUSED_VARIABLE = YES;
				LOCALIZATION_PREFERS_STRING_CATALOGS = YES;
				MTL_ENABLE_DEBUG_INFO = NO;
				MTL_FAST_MATH = YES;
				SDKROOT = iphoneos;
				SWIFT_COMPILATION_MODE = wholemodule;
			};
			name = Release;
		};
		6B9E5B672F7F22DF00E3AEF6 /* Debug */ = {
			isa = XCBuildConfiguration;
			buildSettings = {
				ASSETCATALOG_COMPILER_APPICON_NAME = AppIcon;
				ASSETCATALOG_COMPILER_GLOBAL_ACCENT_COLOR_NAME = AccentColor;
				ASSETCATALOG_COMPILER_INCLUDE_ALL_APPICON_ASSETS = YES;
				CODE_SIGN_IDENTITY = "Apple Development";
				CODE_SIGN_STYLE = Automatic;
				CURRENT_PROJECT_VERSION = 1;
				DEVELOPMENT_TEAM = 586L2Q38YL;
				ENABLE_PREVIEWS = YES;
				GENERATE_INFOPLIST_FILE = YES;
				INFOPLIST_KEY_NSHumanReadableCopyright = "";
				INFOPLIST_KEY_UILaunchStoryboardName = LaunchScreen;
				INFOPLIST_KEY_UISupportedInterfaceOrientations = UIInterfaceOrientationPortrait;
				IPHONEOS_DEPLOYMENT_TARGET = 26.0;
				LD_RUNPATH_SEARCH_PATHS = (
					"$(inherited)",
					"@executable_path/Frameworks",
				);
				MARKETING_VERSION = 1.0;
				PRODUCT_BUNDLE_IDENTIFIER = "Shawnwang.Reply-Recommendation-Demo";
				PRODUCT_NAME = "$(TARGET_NAME)";
				PROVISIONING_PROFILE_SPECIFIER = "";
				SDKROOT = iphoneos;
				STRING_CATALOG_GENERATE_SYMBOLS = YES;
				SUPPORTED_PLATFORMS = "iphoneos iphonesimulator";
				SUPPORTS_MACCATALYST = YES;
				SWIFT_APPROACHABLE_CONCURRENCY = YES;
				SWIFT_DEFAULT_ACTOR_ISOLATION = MainActor;
				SWIFT_EMIT_LOC_STRINGS = YES;
				SWIFT_ENABLE_EXPLICIT_MODULES = NO;
				SWIFT_OBJC_BRIDGING_HEADER = "Reply Recommendation Demo/ReplyRecommendationDemo-Bridging-Header.h";
				SWIFT_UPCOMING_FEATURE_MEMBER_IMPORT_VISIBILITY = YES;
				SWIFT_VERSION = 5.0;
				TARGETED_DEVICE_FAMILY = "1,2";
			};
			name = Debug;
		};
		6B9E5B682F7F22DF00E3AEF6 /* Release */ = {
			isa = XCBuildConfiguration;
			buildSettings = {
				ASSETCATALOG_COMPILER_APPICON_NAME = AppIcon;
				ASSETCATALOG_COMPILER_GLOBAL_ACCENT_COLOR_NAME = AccentColor;
				ASSETCATALOG_COMPILER_INCLUDE_ALL_APPICON_ASSETS = YES;
				CODE_SIGN_IDENTITY = "Apple Development";
				CODE_SIGN_STYLE = Automatic;
				CURRENT_PROJECT_VERSION = 1;
				DEVELOPMENT_TEAM = 586L2Q38YL;
				ENABLE_PREVIEWS = YES;
				GENERATE_INFOPLIST_FILE = YES;
				INFOPLIST_KEY_NSHumanReadableCopyright = "";
				INFOPLIST_KEY_UILaunchStoryboardName = LaunchScreen;
				INFOPLIST_KEY_UISupportedInterfaceOrientations = UIInterfaceOrientationPortrait;
				IPHONEOS_DEPLOYMENT_TARGET = 26.0;
				LD_RUNPATH_SEARCH_PATHS = (
					"$(inherited)",
					"@executable_path/Frameworks",
				);
				MARKETING_VERSION = 1.0;
				PRODUCT_BUNDLE_IDENTIFIER = "Shawnwang.Reply-Recommendation-Demo";
				PRODUCT_NAME = "$(TARGET_NAME)";
				PROVISIONING_PROFILE_SPECIFIER = "";
				SDKROOT = iphoneos;
				STRING_CATALOG_GENERATE_SYMBOLS = YES;
				SUPPORTED_PLATFORMS = "iphoneos iphonesimulator";
				SUPPORTS_MACCATALYST = YES;
				SWIFT_APPROACHABLE_CONCURRENCY = YES;
				SWIFT_DEFAULT_ACTOR_ISOLATION = MainActor;
				SWIFT_EMIT_LOC_STRINGS = YES;
				SWIFT_ENABLE_EXPLICIT_MODULES = NO;
				SWIFT_OBJC_BRIDGING_HEADER = "Reply Recommendation Demo/ReplyRecommendationDemo-Bridging-Header.h";
				SWIFT_UPCOMING_FEATURE_MEMBER_IMPORT_VISIBILITY = YES;
				SWIFT_VERSION = 5.0;
				TARGETED_DEVICE_FAMILY = "1,2";
			};
			name = Release;
		};
		C0D0AAA82F80000100AAA001 /* Debug */ = {
			isa = XCBuildConfiguration;
			buildSettings = {
				BUNDLE_LOADER = "$(TEST_HOST)";
				CODE_SIGN_IDENTITY = "Apple Development";
				CODE_SIGN_STYLE = Automatic;
				CURRENT_PROJECT_VERSION = 1;
				DEVELOPMENT_TEAM = 586L2Q38YL;
				GENERATE_INFOPLIST_FILE = YES;
				IPHONEOS_DEPLOYMENT_TARGET = 26.0;
				LD_RUNPATH_SEARCH_PATHS = (
					"$(inherited)",
					"@loader_path/Frameworks",
					"@executable_path/Frameworks",
				);
				MARKETING_VERSION = 1.0;
				PRODUCT_BUNDLE_IDENTIFIER = "Shawnwang.Reply-Recommendation-DemoTests";
				PRODUCT_NAME = "$(TARGET_NAME)";
				SDKROOT = iphoneos;
				SKIP_INSTALL = YES;
				SUPPORTED_PLATFORMS = "iphoneos iphonesimulator";
				SWIFT_ACTIVE_COMPILATION_CONDITIONS = "DEBUG $(inherited)";
				SWIFT_EMIT_LOC_STRINGS = NO;
				SWIFT_VERSION = 5.0;
				TARGETED_DEVICE_FAMILY = "1,2";
				TEST_HOST = "$(BUILT_PRODUCTS_DIR)/Reply Recommendation Demo.app/Reply Recommendation Demo";
			};
			name = Debug;
		};
		C0D0AAA92F80000100AAA001 /* Release */ = {
			isa = XCBuildConfiguration;
			buildSettings = {
				BUNDLE_LOADER = "$(TEST_HOST)";
				CODE_SIGN_IDENTITY = "Apple Development";
				CODE_SIGN_STYLE = Automatic;
				CURRENT_PROJECT_VERSION = 1;
				DEVELOPMENT_TEAM = 586L2Q38YL;
				GENERATE_INFOPLIST_FILE = YES;
				IPHONEOS_DEPLOYMENT_TARGET = 26.0;
				LD_RUNPATH_SEARCH_PATHS = (
					"$(inherited)",
					"@loader_path/Frameworks",
					"@executable_path/Frameworks",
				);
				MARKETING_VERSION = 1.0;
				PRODUCT_BUNDLE_IDENTIFIER = "Shawnwang.Reply-Recommendation-DemoTests";
				PRODUCT_NAME = "$(TARGET_NAME)";
				SDKROOT = iphoneos;
				SKIP_INSTALL = YES;
				SUPPORTED_PLATFORMS = "iphoneos iphonesimulator";
				SWIFT_EMIT_LOC_STRINGS = NO;
				SWIFT_VERSION = 5.0;
				TARGETED_DEVICE_FAMILY = "1,2";
				TEST_HOST = "$(BUILT_PRODUCTS_DIR)/Reply Recommendation Demo.app/Reply Recommendation Demo";
			};
			name = Release;
		};
/* End XCBuildConfiguration section */

/* Begin XCConfigurationList section */
		6B9E5B542F7F22DE00E3AEF6 /* Build configuration list for PBXProject "Reply Recommendation Demo" */ = {
			isa = XCConfigurationList;
			buildConfigurations = (
				6B9E5B642F7F22DF00E3AEF6 /* Debug */,
				6B9E5B652F7F22DF00E3AEF6 /* Release */,
			);
			defaultConfigurationIsVisible = 0;
			defaultConfigurationName = Release;
		};
		6B9E5B662F7F22DF00E3AEF6 /* Build configuration list for PBXNativeTarget "Reply Recommendation Demo" */ = {
			isa = XCConfigurationList;
			buildConfigurations = (
				6B9E5B672F7F22DF00E3AEF6 /* Debug */,
				6B9E5B682F7F22DF00E3AEF6 /* Release */,
			);
			defaultConfigurationIsVisible = 0;
			defaultConfigurationName = Release;
		};
		C0D0AAA72F80000100AAA001 /* Build configuration list for PBXNativeTarget "Reply Recommendation Demo Tests" */ = {
			isa = XCConfigurationList;
			buildConfigurations = (
				C0D0AAA82F80000100AAA001 /* Debug */,
				C0D0AAA92F80000100AAA001 /* Release */,
			);
			defaultConfigurationIsVisible = 0;
			defaultConfigurationName = Release;
		};
/* End XCConfigurationList section */

/* Begin XCRemoteSwiftPackageReference section */
		6B68DC212F9C64E9006F700E /* XCRemoteSwiftPackageReference "supabase-swift" */ = {
			isa = XCRemoteSwiftPackageReference;
			repositoryURL = "https://github.com/supabase-community/supabase-swift.git";
			requirement = {
				kind = upToNextMajorVersion;
				minimumVersion = 2.5.1;
			};
		};
/* End XCRemoteSwiftPackageReference section */

/* Begin XCSwiftPackageProductDependency section */
		6B68DC222F9C64E9006F700E /* Auth */ = {
			isa = XCSwiftPackageProductDependency;
			package = 6B68DC212F9C64E9006F700E /* XCRemoteSwiftPackageReference "supabase-swift" */;
			productName = Auth;
		};
		6B68DC242F9C64E9006F700E /* Functions */ = {
			isa = XCSwiftPackageProductDependency;
			package = 6B68DC212F9C64E9006F700E /* XCRemoteSwiftPackageReference "supabase-swift" */;
			productName = Functions;
		};
		6B68DC262F9C64E9006F700E /* PostgREST */ = {
			isa = XCSwiftPackageProductDependency;
			package = 6B68DC212F9C64E9006F700E /* XCRemoteSwiftPackageReference "supabase-swift" */;
			productName = PostgREST;
		};
		6B68DC282F9C64E9006F700E /* Realtime */ = {
			isa = XCSwiftPackageProductDependency;
			package = 6B68DC212F9C64E9006F700E /* XCRemoteSwiftPackageReference "supabase-swift" */;
			productName = Realtime;
		};
		6B68DC2A2F9C64E9006F700E /* Storage */ = {
			isa = XCSwiftPackageProductDependency;
			package = 6B68DC212F9C64E9006F700E /* XCRemoteSwiftPackageReference "supabase-swift" */;
			productName = Storage;
		};
		6B68DC2C2F9C64E9006F700E /* Supabase */ = {
			isa = XCSwiftPackageProductDependency;
			package = 6B68DC212F9C64E9006F700E /* XCRemoteSwiftPackageReference "supabase-swift" */;
			productName = Supabase;
		};
/* End XCSwiftPackageProductDependency section */
	};
	rootObject = 6B9E5B512F7F22DE00E3AEF6 /* Project object */;
}
